Microsoft Visual Studio Solution File, Format Version 12.00
# Visual Studio 2012
Project("{FAE04EC0-301F-11D3-BF4B-00C04F79EFBC}") = "Rodent-Rampage", "Rodent-Rampage.csproj", "{E7DACDB7-93C6-4CB1-8F95-AFDED0ADD947}"
EndProject
Global
	GlobalSection(SolutionConfigurationPlatforms) = preSolution
	Debug|Any CPU = Debug|Any CPU
	ExportDebug|Any CPU = ExportDebug|Any CPU
	ExportRelease|Any CPU = ExportRelease|Any CPU
	EndGlobalSection
	GlobalSection(ProjectConfigurationPlatforms) = postSolution
		{E7DACDB7-93C6-4CB1-8F95-AFDED0ADD947}.Debug|Any CPU.ActiveCfg = Debug|Any CPU
		{E7DACDB7-93C6-4CB1-8F95-AFDED0ADD947}.Debug|Any CPU.Build.0 = Debug|Any CPU
		{E7DACDB7-93C6-4CB1-8F95-AFDED0ADD947}.ExportDebug|Any CPU.ActiveCfg = ExportDebug|Any CPU
		{E7DACDB7-93C6-4CB1-8F95-AFDED0ADD947}.ExportDebug|Any CPU.Build.0 = ExportDebug|Any CPU
		{E7DACDB7-93C6-4CB1-8F95-AFDED0ADD947}.ExportRelease|Any CPU.ActiveCfg = ExportRelease|Any CPU
		{E7DACDB7-93C6-4CB1-8F95-AFDED0ADD947}.ExportRelease|Any CPU.Build.0 = ExportRelease|Any CPU
	EndGlobalSection
EndGlobal
